
Microsoft Visual Studio Solution File, Format Version 12.00
# Visual Studio Version 17
VisualStudioVersion = 17.9.34622.214
MinimumVisualStudioVersion = 10.0.40219.1
Project("{FAE04EC0-301F-11D3-BF4B-00C04F79EFBC}") = "PercobaanApi1", "PercobaanApi1\PercobaanApi1.csproj", "{5237886D-8572-4D67-B675-C15347EF9498}"
EndProject
Global
	GlobalSection(SolutionConfigurationPlatforms) = preSolution
		Debug|Any CPU = Debug|Any CPU
		Release|Any CPU = Release|Any CPU
	EndGlobalSection
	GlobalSection(ProjectConfigurationPlatforms) = postSolution
		{5237886D-8572-4D67-B675-C15347EF9498}.Debug|Any CPU.ActiveCfg = Debug|Any CPU
		{5237886D-8572-4D67-B675-C15347EF9498}.Debug|Any CPU.Build.0 = Debug|Any CPU
		{5237886D-8572-4D67-B675-C15347EF9498}.Release|Any CPU.ActiveCfg = Release|Any CPU
		{5237886D-8572-4D67-B675-C15347EF9498}.Release|Any CPU.Build.0 = Release|Any CPU
	EndGlobalSection
	GlobalSection(SolutionProperties) = preSolution
		HideSolutionNode = FALSE
	EndGlobalSection
	GlobalSection(ExtensibilityGlobals) = postSolution
		SolutionGuid = {53BD48EB-2B18-4760-A0EC-A8BBF1D60D16}
	EndGlobalSection
EndGlobal
